Microsoft Visual Studio Solution File, Format Version 12.00
# Visual Studio Version 17
VisualStudioVersion = 17.5.2.0
MinimumVisualStudioVersion = 10.0.40219.1
Project("{FAE04EC0-301F-11D3-BF4B-00C04F79EFBC}") = "34", "34.csproj", "{A82F805B-412C-0F49-1F68-6657D6DA467E}"
EndProject
Global
	GlobalSection(SolutionConfigurationPlatforms) = preSolution
		Debug|Any CPU = Debug|Any CPU
		Release|Any CPU = Release|Any CPU
	EndGlobalSection
	GlobalSection(ProjectConfigurationPlatforms) = postSolution
		{A82F805B-412C-0F49-1F68-6657D6DA467E}.Debug|Any CPU.ActiveCfg = Debug|Any CPU
		{A82F805B-412C-0F49-1F68-6657D6DA467E}.Debug|Any CPU.Build.0 = Debug|Any CPU
		{A82F805B-412C-0F49-1F68-6657D6DA467E}.Release|Any CPU.ActiveCfg = Release|Any CPU
		{A82F805B-412C-0F49-1F68-6657D6DA467E}.Release|Any CPU.Build.0 = Release|Any CPU
	EndGlobalSection
	GlobalSection(SolutionProperties) = preSolution
		HideSolutionNode = FALSE
	EndGlobalSection
	GlobalSection(ExtensibilityGlobals) = postSolution
		SolutionGuid = {15BF74C5-E107-4A41-884F-C15E1B3BF5FB}
	EndGlobalSection
EndGlobal
