Microsoft Visual Studio Solution File, Format Version 12.00
# Visual Studio Version 17
VisualStudioVersion = 17.5.2.0
MinimumVisualStudioVersion = 10.0.40219.1
Project("{FAE04EC0-301F-11D3-BF4B-00C04F79EFBC}") = "27", "27.csproj", "{BDC914AE-0D5E-6DD9-EF5B-1A8DC9349AEB}"
EndProject
Global
	GlobalSection(SolutionConfigurationPlatforms) = preSolution
		Debug|Any CPU = Debug|Any CPU
		Release|Any CPU = Release|Any CPU
	EndGlobalSection
	GlobalSection(ProjectConfigurationPlatforms) = postSolution
		{BDC914AE-0D5E-6DD9-EF5B-1A8DC9349AEB}.Debug|Any CPU.ActiveCfg = Debug|Any CPU
		{BDC914AE-0D5E-6DD9-EF5B-1A8DC9349AEB}.Debug|Any CPU.Build.0 = Debug|Any CPU
		{BDC914AE-0D5E-6DD9-EF5B-1A8DC9349AEB}.Release|Any CPU.ActiveCfg = Release|Any CPU
		{BDC914AE-0D5E-6DD9-EF5B-1A8DC9349AEB}.Release|Any CPU.Build.0 = Release|Any CPU
	EndGlobalSection
	GlobalSection(SolutionProperties) = preSolution
		HideSolutionNode = FALSE
	EndGlobalSection
	GlobalSection(ExtensibilityGlobals) = postSolution
		SolutionGuid = {187B495F-68E7-4EF4-BE28-C1569DE61E91}
	EndGlobalSection
EndGlobal
