Microsoft Visual Studio Solution File, Format Version 12.00
# Visual Studio Version 17
VisualStudioVersion = 17.5.2.0
MinimumVisualStudioVersion = 10.0.40219.1
Project("{FAE04EC0-301F-11D3-BF4B-00C04F79EFBC}") = "21", "21.csproj", "{F2AA136A-13DA-630A-3C68-9D24523FF536}"
EndProject
Global
	GlobalSection(SolutionConfigurationPlatforms) = preSolution
		Debug|Any CPU = Debug|Any CPU
		Release|Any CPU = Release|Any CPU
	EndGlobalSection
	GlobalSection(ProjectConfigurationPlatforms) = postSolution
		{F2AA136A-13DA-630A-3C68-9D24523FF536}.Debug|Any CPU.ActiveCfg = Debug|Any CPU
		{F2AA136A-13DA-630A-3C68-9D24523FF536}.Debug|Any CPU.Build.0 = Debug|Any CPU
		{F2AA136A-13DA-630A-3C68-9D24523FF536}.Release|Any CPU.ActiveCfg = Release|Any CPU
		{F2AA136A-13DA-630A-3C68-9D24523FF536}.Release|Any CPU.Build.0 = Release|Any CPU
	EndGlobalSection
	GlobalSection(SolutionProperties) = preSolution
		HideSolutionNode = FALSE
	EndGlobalSection
	GlobalSection(ExtensibilityGlobals) = postSolution
		SolutionGuid = {8B4F4946-215C-427E-81BE-99DDFED927D5}
	EndGlobalSection
EndGlobal
