Microsoft Visual Studio Solution File, Format Version 12.00
# Visual Studio Version 17
VisualStudioVersion = 17.5.2.0
MinimumVisualStudioVersion = 10.0.40219.1
Project("{FAE04EC0-301F-11D3-BF4B-00C04F79EFBC}") = "16", "16.csproj", "{C1E03DFB-47DF-FB23-54E4-6C7652883FC3}"
EndProject
Global
	GlobalSection(SolutionConfigurationPlatforms) = preSolution
		Debug|Any CPU = Debug|Any CPU
		Release|Any CPU = Release|Any CPU
	EndGlobalSection
	GlobalSection(ProjectConfigurationPlatforms) = postSolution
		{C1E03DFB-47DF-FB23-54E4-6C7652883FC3}.Debug|Any CPU.ActiveCfg = Debug|Any CPU
		{C1E03DFB-47DF-FB23-54E4-6C7652883FC3}.Debug|Any CPU.Build.0 = Debug|Any CPU
		{C1E03DFB-47DF-FB23-54E4-6C7652883FC3}.Release|Any CPU.ActiveCfg = Release|Any CPU
		{C1E03DFB-47DF-FB23-54E4-6C7652883FC3}.Release|Any CPU.Build.0 = Release|Any CPU
	EndGlobalSection
	GlobalSection(SolutionProperties) = preSolution
		HideSolutionNode = FALSE
	EndGlobalSection
	GlobalSection(ExtensibilityGlobals) = postSolution
		SolutionGuid = {9A37190A-38AB-40B5-96E2-F0EA188075B5}
	EndGlobalSection
EndGlobal
