Microsoft Visual Studio Solution File, Format Version 12.00
# Visual Studio Version 17
VisualStudioVersion = 17.5.2.0
MinimumVisualStudioVersion = 10.0.40219.1
Project("{FAE04EC0-301F-11D3-BF4B-00C04F79EFBC}") = "14", "14.csproj", "{59DB4227-41F1-4B0F-6F52-F6E6FE13F01C}"
EndProject
Global
	GlobalSection(SolutionConfigurationPlatforms) = preSolution
		Debug|Any CPU = Debug|Any CPU
		Release|Any CPU = Release|Any CPU
	EndGlobalSection
	GlobalSection(ProjectConfigurationPlatforms) = postSolution
		{59DB4227-41F1-4B0F-6F52-F6E6FE13F01C}.Debug|Any CPU.ActiveCfg = Debug|Any CPU
		{59DB4227-41F1-4B0F-6F52-F6E6FE13F01C}.Debug|Any CPU.Build.0 = Debug|Any CPU
		{59DB4227-41F1-4B0F-6F52-F6E6FE13F01C}.Release|Any CPU.ActiveCfg = Release|Any CPU
		{59DB4227-41F1-4B0F-6F52-F6E6FE13F01C}.Release|Any CPU.Build.0 = Release|Any CPU
	EndGlobalSection
	GlobalSection(SolutionProperties) = preSolution
		HideSolutionNode = FALSE
	EndGlobalSection
	GlobalSection(ExtensibilityGlobals) = postSolution
		SolutionGuid = {145C06A9-D50E-49D5-BBB6-4D7D2569AE1C}
	EndGlobalSection
EndGlobal
