Microsoft Visual Studio Solution File, Format Version 12.00
# Visual Studio Version 17
VisualStudioVersion = 17.5.2.0
MinimumVisualStudioVersion = 10.0.40219.1
Project("{FAE04EC0-301F-11D3-BF4B-00C04F79EFBC}") = "15", "15.csproj", "{94094349-8315-3A5F-F220-6132B932BA90}"
EndProject
Global
	GlobalSection(SolutionConfigurationPlatforms) = preSolution
		Debug|Any CPU = Debug|Any CPU
		Release|Any CPU = Release|Any CPU
	EndGlobalSection
	GlobalSection(ProjectConfigurationPlatforms) = postSolution
		{94094349-8315-3A5F-F220-6132B932BA90}.Debug|Any CPU.ActiveCfg = Debug|Any CPU
		{94094349-8315-3A5F-F220-6132B932BA90}.Debug|Any CPU.Build.0 = Debug|Any CPU
		{94094349-8315-3A5F-F220-6132B932BA90}.Release|Any CPU.ActiveCfg = Release|Any CPU
		{94094349-8315-3A5F-F220-6132B932BA90}.Release|Any CPU.Build.0 = Release|Any CPU
	EndGlobalSection
	GlobalSection(SolutionProperties) = preSolution
		HideSolutionNode = FALSE
	EndGlobalSection
	GlobalSection(ExtensibilityGlobals) = postSolution
		SolutionGuid = {821F5880-7CD2-4FD2-8C24-E68B566FFC3D}
	EndGlobalSection
EndGlobal
