Microsoft Visual Studio Solution File, Format Version 12.00
# Visual Studio Version 17
VisualStudioVersion = 17.5.2.0
MinimumVisualStudioVersion = 10.0.40219.1
Project("{FAE04EC0-301F-11D3-BF4B-00C04F79EFBC}") = "23", "23.csproj", "{44EA91E4-09FB-00F3-690A-750D57C6818D}"
EndProject
Global
	GlobalSection(SolutionConfigurationPlatforms) = preSolution
		Debug|Any CPU = Debug|Any CPU
		Release|Any CPU = Release|Any CPU
	EndGlobalSection
	GlobalSection(ProjectConfigurationPlatforms) = postSolution
		{44EA91E4-09FB-00F3-690A-750D57C6818D}.Debug|Any CPU.ActiveCfg = Debug|Any CPU
		{44EA91E4-09FB-00F3-690A-750D57C6818D}.Debug|Any CPU.Build.0 = Debug|Any CPU
		{44EA91E4-09FB-00F3-690A-750D57C6818D}.Release|Any CPU.ActiveCfg = Release|Any CPU
		{44EA91E4-09FB-00F3-690A-750D57C6818D}.Release|Any CPU.Build.0 = Release|Any CPU
	EndGlobalSection
	GlobalSection(SolutionProperties) = preSolution
		HideSolutionNode = FALSE
	EndGlobalSection
	GlobalSection(ExtensibilityGlobals) = postSolution
		SolutionGuid = {B1E0A43A-AB70-4CDC-993D-DD3327D22A2C}
	EndGlobalSection
EndGlobal
